
Microsoft Visual Studio Solution File, Format Version 12.00
# Visual Studio Version 17
VisualStudioVersion = 17.1.32421.90
MinimumVisualStudioVersion = 10.0.40219.1
Project("{FAE04EC0-301F-11D3-BF4B-00C04F79EFBC}") = "ServiciosWeb.WepApi", "ServiciosWeb.WepApi\ServiciosWeb.WepApi.csproj", "{938477C0-62B3-4058-BBEC-9281DD777D85}"
EndProject
Project("{FAE04EC0-301F-11D3-BF4B-00C04F79EFBC}") = "ServiciosWeb.Datos", "ServiciosWeb.Datos\ServiciosWeb.Datos.csproj", "{BE3AB895-EA6A-408C-806B-DE4D55F49332}"
EndProject
Project("{FAE04EC0-301F-11D3-BF4B-00C04F79EFBC}") = "DAL", "DAL\DAL.csproj", "{7668B83F-84B3-4EFC-8CD4-FCF865DBD936}"
EndProject
Project("{FAE04EC0-301F-11D3-BF4B-00C04F79EFBC}") = "BE", "BE\BE.csproj", "{5C32B7B9-D8CA-44D9-A88D-6D69A9727A87}"
EndProject
Project("{FAE04EC0-301F-11D3-BF4B-00C04F79EFBC}") = "BC", "BC\BC.csproj", "{D185FAAF-4BB9-44A5-A92E-B1E84CA8DB6F}"
EndProject
Global
	GlobalSection(SolutionConfigurationPlatforms) = preSolution
		Debug|Any CPU = Debug|Any CPU
		Release|Any CPU = Release|Any CPU
	EndGlobalSection
	GlobalSection(ProjectConfigurationPlatforms) = postSolution
		{938477C0-62B3-4058-BBEC-9281DD777D85}.Debug|Any CPU.ActiveCfg = Debug|Any CPU
		{938477C0-62B3-4058-BBEC-9281DD777D85}.Debug|Any CPU.Build.0 = Debug|Any CPU
		{938477C0-62B3-4058-BBEC-9281DD777D85}.Release|Any CPU.ActiveCfg = Release|Any CPU
		{938477C0-62B3-4058-BBEC-9281DD777D85}.Release|Any CPU.Build.0 = Release|Any CPU
		{BE3AB895-EA6A-408C-806B-DE4D55F49332}.Debug|Any CPU.ActiveCfg = Debug|Any CPU
		{BE3AB895-EA6A-408C-806B-DE4D55F49332}.Debug|Any CPU.Build.0 = Debug|Any CPU
		{BE3AB895-EA6A-408C-806B-DE4D55F49332}.Release|Any CPU.ActiveCfg = Release|Any CPU
		{BE3AB895-EA6A-408C-806B-DE4D55F49332}.Release|Any CPU.Build.0 = Release|Any CPU
		{7668B83F-84B3-4EFC-8CD4-FCF865DBD936}.Debug|Any CPU.ActiveCfg = Debug|Any CPU
		{7668B83F-84B3-4EFC-8CD4-FCF865DBD936}.Debug|Any CPU.Build.0 = Debug|Any CPU
		{7668B83F-84B3-4EFC-8CD4-FCF865DBD936}.Release|Any CPU.ActiveCfg = Release|Any CPU
		{7668B83F-84B3-4EFC-8CD4-FCF865DBD936}.Release|Any CPU.Build.0 = Release|Any CPU
		{5C32B7B9-D8CA-44D9-A88D-6D69A9727A87}.Debug|Any CPU.ActiveCfg = Debug|Any CPU
		{5C32B7B9-D8CA-44D9-A88D-6D69A9727A87}.Debug|Any CPU.Build.0 = Debug|Any CPU
		{5C32B7B9-D8CA-44D9-A88D-6D69A9727A87}.Release|Any CPU.ActiveCfg = Release|Any CPU
		{5C32B7B9-D8CA-44D9-A88D-6D69A9727A87}.Release|Any CPU.Build.0 = Release|Any CPU
		{D185FAAF-4BB9-44A5-A92E-B1E84CA8DB6F}.Debug|Any CPU.ActiveCfg = Debug|Any CPU
		{D185FAAF-4BB9-44A5-A92E-B1E84CA8DB6F}.Debug|Any CPU.Build.0 = Debug|Any CPU
		{D185FAAF-4BB9-44A5-A92E-B1E84CA8DB6F}.Release|Any CPU.ActiveCfg = Release|Any CPU
		{D185FAAF-4BB9-44A5-A92E-B1E84CA8DB6F}.Release|Any CPU.Build.0 = Release|Any CPU
	EndGlobalSection
	GlobalSection(SolutionProperties) = preSolution
		HideSolutionNode = FALSE
	EndGlobalSection
	GlobalSection(ExtensibilityGlobals) = postSolution
		SolutionGuid = {92061201-6E44-4D49-9B31-20D6D9B0D844}
	EndGlobalSection
EndGlobal
